
Microsoft Visual Studio Solution File, Format Version 12.00
# Visual Studio Version 17
VisualStudioVersion = 17.10.34928.147
MinimumVisualStudioVersion = 10.0.40219.1
Project("{FAE04EC0-301F-11D3-BF4B-00C04F79EFBC}") = "DNN.net.dataset.common", "dnn.net.dataset.common\DNN.net.dataset.common.csproj", "{5BCA3EA3-D046-4567-AD16-570680AF0A40}"
EndProject
Project("{FAE04EC0-301F-11D3-BF4B-00C04F79EFBC}") = "DNN.net.dataset.cifar_10", "dnn.net.dataset.cifar_10\DNN.net.dataset.cifar_10.csproj", "{58257947-801A-4F27-9995-28430B3B3065}"
EndProject
Project("{FAE04EC0-301F-11D3-BF4B-00C04F79EFBC}") = "DNN.net.dataset.mnist", "dnn.net.dataset.mnist\DNN.net.dataset.mnist.csproj", "{B3199763-D78C-49B2-A733-86C6E3473742}"
EndProject
Project("{FAE04EC0-301F-11D3-BF4B-00C04F79EFBC}") = "DNN.net.dataset.csv", "dnn.net.dataset.csv\DNN.net.dataset.csv.csproj", "{ACBF1744-5539-4187-A30C-4D9C429B1155}"
EndProject
Project("{FAE04EC0-301F-11D3-BF4B-00C04F79EFBC}") = "DNN.net.dataset.voc0712", "dnn.net.dataset.voc0712\DNN.net.dataset.voc0712.csproj", "{DC0B318B-1D64-424F-8625-C0A27A471A6F}"
EndProject
Project("{FAE04EC0-301F-11D3-BF4B-00C04F79EFBC}") = "DNN.net.dataset.tft.electricity", "dnn.net.dataset.tft.electricity\DNN.net.dataset.tft.electricity.csproj", "{F6985DA5-03D6-4FF9-8E7A-E0D8A6D4BFDF}"
EndProject
Project("{FAE04EC0-301F-11D3-BF4B-00C04F79EFBC}") = "DNN.net.dataset.tft.favorita", "dnn.net.dataset.tft.favorita\DNN.net.dataset.tft.favorita.csproj", "{49E3765F-271D-40B9-8E54-E8FF69A44749}"
EndProject
Project("{FAE04EC0-301F-11D3-BF4B-00C04F79EFBC}") = "DNN.net.dataset.tft.traffic", "dnn.net.dataset.tft.traffic\DNN.net.dataset.tft.traffic.csproj", "{69C115BD-B702-4295-A1D2-6B6C2E6E0DB7}"
EndProject
Project("{FAE04EC0-301F-11D3-BF4B-00C04F79EFBC}") = "DNN.net.dataset.tft.volatility", "dnn.net.dataset.tft.volatility\DNN.net.dataset.tft.volatility.csproj", "{597D054C-C5B9-4395-ACD3-0D9A258C06FB}"
EndProject
Project("{FAE04EC0-301F-11D3-BF4B-00C04F79EFBC}") = "DNN.net.dataset.tft.commodities", "dnn.net.dataset.tft.commodities\DNN.net.dataset.tft.commodities.csproj", "{1E27A8E8-1974-49D5-85CB-26EC453D7863}"
EndProject
Global
	GlobalSection(SolutionConfigurationPlatforms) = preSolution
		Debug|Any CPU = Debug|Any CPU
		Release|Any CPU = Release|Any CPU
	EndGlobalSection
	GlobalSection(ProjectConfigurationPlatforms) = postSolution
		{5BCA3EA3-D046-4567-AD16-570680AF0A40}.Debug|Any CPU.ActiveCfg = Debug|Any CPU
		{5BCA3EA3-D046-4567-AD16-570680AF0A40}.Debug|Any CPU.Build.0 = Debug|Any CPU
		{5BCA3EA3-D046-4567-AD16-570680AF0A40}.Release|Any CPU.ActiveCfg = Release|Any CPU
		{5BCA3EA3-D046-4567-AD16-570680AF0A40}.Release|Any CPU.Build.0 = Release|Any CPU
		{58257947-801A-4F27-9995-28430B3B3065}.Debug|Any CPU.ActiveCfg = Debug|Any CPU
		{58257947-801A-4F27-9995-28430B3B3065}.Debug|Any CPU.Build.0 = Debug|Any CPU
		{58257947-801A-4F27-9995-28430B3B3065}.Release|Any CPU.ActiveCfg = Release|Any CPU
		{58257947-801A-4F27-9995-28430B3B3065}.Release|Any CPU.Build.0 = Release|Any CPU
		{B3199763-D78C-49B2-A733-86C6E3473742}.Debug|Any CPU.ActiveCfg = Debug|Any CPU
		{B3199763-D78C-49B2-A733-86C6E3473742}.Debug|Any CPU.Build.0 = Debug|Any CPU
		{B3199763-D78C-49B2-A733-86C6E3473742}.Release|Any CPU.ActiveCfg = Release|Any CPU
		{B3199763-D78C-49B2-A733-86C6E3473742}.Release|Any CPU.Build.0 = Release|Any CPU
		{ACBF1744-5539-4187-A30C-4D9C429B1155}.Debug|Any CPU.ActiveCfg = Debug|Any CPU
		{ACBF1744-5539-4187-A30C-4D9C429B1155}.Debug|Any CPU.Build.0 = Debug|Any CPU
		{ACBF1744-5539-4187-A30C-4D9C429B1155}.Release|Any CPU.ActiveCfg = Release|Any CPU
		{ACBF1744-5539-4187-A30C-4D9C429B1155}.Release|Any CPU.Build.0 = Release|Any CPU
		{DC0B318B-1D64-424F-8625-C0A27A471A6F}.Debug|Any CPU.ActiveCfg = Debug|Any CPU
		{DC0B318B-1D64-424F-8625-C0A27A471A6F}.Debug|Any CPU.Build.0 = Debug|Any CPU
		{DC0B318B-1D64-424F-8625-C0A27A471A6F}.Release|Any CPU.ActiveCfg = Release|Any CPU
		{DC0B318B-1D64-424F-8625-C0A27A471A6F}.Release|Any CPU.Build.0 = Release|Any CPU
		{F6985DA5-03D6-4FF9-8E7A-E0D8A6D4BFDF}.Debug|Any CPU.ActiveCfg = Debug|Any CPU
		{F6985DA5-03D6-4FF9-8E7A-E0D8A6D4BFDF}.Debug|Any CPU.Build.0 = Debug|Any CPU
		{F6985DA5-03D6-4FF9-8E7A-E0D8A6D4BFDF}.Release|Any CPU.ActiveCfg = Release|Any CPU
		{F6985DA5-03D6-4FF9-8E7A-E0D8A6D4BFDF}.Release|Any CPU.Build.0 = Release|Any CPU
		{49E3765F-271D-40B9-8E54-E8FF69A44749}.Debug|Any CPU.ActiveCfg = Debug|Any CPU
		{49E3765F-271D-40B9-8E54-E8FF69A44749}.Debug|Any CPU.Build.0 = Debug|Any CPU
		{49E3765F-271D-40B9-8E54-E8FF69A44749}.Release|Any CPU.ActiveCfg = Release|Any CPU
		{49E3765F-271D-40B9-8E54-E8FF69A44749}.Release|Any CPU.Build.0 = Release|Any CPU
		{69C115BD-B702-4295-A1D2-6B6C2E6E0DB7}.Debug|Any CPU.ActiveCfg = Debug|Any CPU
		{69C115BD-B702-4295-A1D2-6B6C2E6E0DB7}.Debug|Any CPU.Build.0 = Debug|Any CPU
		{69C115BD-B702-4295-A1D2-6B6C2E6E0DB7}.Release|Any CPU.ActiveCfg = Release|Any CPU
		{69C115BD-B702-4295-A1D2-6B6C2E6E0DB7}.Release|Any CPU.Build.0 = Release|Any CPU
		{597D054C-C5B9-4395-ACD3-0D9A258C06FB}.Debug|Any CPU.ActiveCfg = Debug|Any CPU
		{597D054C-C5B9-4395-ACD3-0D9A258C06FB}.Debug|Any CPU.Build.0 = Debug|Any CPU
		{597D054C-C5B9-4395-ACD3-0D9A258C06FB}.Release|Any CPU.ActiveCfg = Release|Any CPU
		{597D054C-C5B9-4395-ACD3-0D9A258C06FB}.Release|Any CPU.Build.0 = Release|Any CPU
		{1E27A8E8-1974-49D5-85CB-26EC453D7863}.Debug|Any CPU.ActiveCfg = Debug|Any CPU
		{1E27A8E8-1974-49D5-85CB-26EC453D7863}.Debug|Any CPU.Build.0 = Debug|Any CPU
		{1E27A8E8-1974-49D5-85CB-26EC453D7863}.Release|Any CPU.ActiveCfg = Release|Any CPU
		{1E27A8E8-1974-49D5-85CB-26EC453D7863}.Release|Any CPU.Build.0 = Release|Any CPU
	EndGlobalSection
	GlobalSection(SolutionProperties) = preSolution
		HideSolutionNode = FALSE
	EndGlobalSection
	GlobalSection(ExtensibilityGlobals) = postSolution
		SolutionGuid = {15B1881A-2917-4E79-AED2-05D35D58AFB0}
	EndGlobalSection
EndGlobal
